# This file is generated by running "yarn install" inside your project.
# Manual changes might be lost - proceed with caution!

__metadata:
  version: 6
  cacheKey: 8

"@springfield/ham-radio-api@workspace:.":
  version: 0.0.0-use.local
  resolution: "@springfield/ham-radio-api@workspace:."
  dependencies:
    typescript: 5.0.2
  languageName: unknown
  linkType: soft

"typescript@npm:5.0.2":
  version: 5.0.2
  resolution: "typescript@npm:5.0.2"
  bin:
    tsc: bin/tsc
    tsserver: bin/tsserver
  checksum: bef1dcd166acfc6934b2ec4d72f93edb8961a5fab36b8dd2aaf6f4f4cd5c0210f2e0850aef4724f3b4913d5aef203a94a28ded731b370880c8bcff7e4ff91fc1
  languageName: node
  linkType: hard

"typescript@patch:typescript@5.0.2#~builtin<compat/typescript>":
  version: 5.0.2
  resolution: "typescript@patch:typescript@npm%3A5.0.2#~builtin<compat/typescript>::version=5.0.2&hash=1f5320"
  bin:
    tsc: bin/tsc
    tsserver: bin/tsserver
  checksum: bdbf3d0aac0d6cf010fbe0536753dc19f278eb4aba88140dcd25487dfe1c56ca8b33abc0dcd42078790a939b08ebc4046f3e9bb961d77d3d2c3cfa9829da4d53
  languageName: node
  linkType: hard
