# This file is generated by running "yarn install" inside your project.
# Manual changes might be lost - proceed with caution!

__metadata:
  version: 8
  cacheKey: 10

"@springfield/ham-radio-api@workspace:.":
  version: 0.0.0-use.local
  resolution: "@springfield/ham-radio-api@workspace:."
  dependencies:
    typescript: "npm:5.7.2"
  languageName: unknown
  linkType: soft

"typescript@npm:5.7.2":
  version: 5.7.2
  resolution: "typescript@npm:5.7.2"
  bin:
    tsc: bin/tsc
    tsserver: bin/tsserver
  checksum: 10/4caa3904df69db9d4a8bedc31bafc1e19ffb7b24fbde2997a1633ae1398d0de5bdbf8daf602ccf3b23faddf1aeeb9b795223a2ed9c9a4fdcaf07bfde114a401a
  languageName: node
  linkType: hard

"typescript@patch:typescript@npm%3A5.7.2#optional!builtin<compat/typescript>":
  version: 5.7.2
  resolution: "typescript@patch:typescript@npm%3A5.7.2#optional!builtin<compat/typescript>::version=5.7.2&hash=5786d5"
  bin:
    tsc: bin/tsc
    tsserver: bin/tsserver
  checksum: 10/d75ca10141afc64fd3474b41a8b082b640555bed388d237558aed64e5827ddadb48f90932c7f4205883f18f5bcab8b6a739a2cfac95855604b0dfeb34bc2f3eb
  languageName: node
  linkType: hard
